
Microsoft Visual Studio Solution File, Format Version 12.00
# Visual Studio Version 17
VisualStudioVersion = 17.0.31903.59
MinimumVisualStudioVersion = 10.0.40219.1
Project("{FAE04EC0-301F-11D3-BF4B-00C04F79EFBC}") = "KeepTabs", "KeepTabs\KeepTabs.csproj", "{0FEF65F2-2EF6-49EB-9694-A613F82DB374}"
EndProject
Project("{2150E333-8FDC-42A3-9474-1A3956D46DE8}") = "Solution Items", "Solution Items", "{AA862D8F-101D-4293-8B80-310487352CD7}"
	ProjectSection(SolutionItems) = preProject
		README.md = README.md
		docker-compose.yaml = docker-compose.yaml
		Dockerfile = Dockerfile
		.dockerignore = .dockerignore
		Dockerfile.Worker = Dockerfile.Worker
		PROJECTS.md = PROJECTS.md
	EndProjectSection
EndProject
Project("{2150E333-8FDC-42A3-9474-1A3956D46DE8}") = "Aspire", "Aspire", "{B1A4FC38-6B25-4CF1-B4B8-A52AB82EC004}"
EndProject
Project("{FAE04EC0-301F-11D3-BF4B-00C04F79EFBC}") = "AppHost", "AppHost\AppHost.csproj", "{3715C4CF-AC71-41C5-A7ED-13B83884C35D}"
EndProject
Project("{FAE04EC0-301F-11D3-BF4B-00C04F79EFBC}") = "ServiceDefaults", "ServiceDefaults\ServiceDefaults.csproj", "{157D8F11-BB39-4B14-A4B5-189CD5656212}"
EndProject
Project("{FAE04EC0-301F-11D3-BF4B-00C04F79EFBC}") = "KeepTabs.Worker", "KeepTabs.Worker\KeepTabs.Worker.csproj", "{84995095-D57C-4E5D-ACCE-5856830FB217}"
EndProject
Project("{FAE04EC0-301F-11D3-BF4B-00C04F79EFBC}") = "KeepTabs.Domain", "KeepTabs.Domain\KeepTabs.Domain.csproj", "{CE793C54-6F06-4006-8231-53E7C78F46E4}"
EndProject
Project("{FAE04EC0-301F-11D3-BF4B-00C04F79EFBC}") = "KeepTabs.Infrastructure", "KeepTabs.Infrastructure\KeepTabs.Infrastructure.csproj", "{CC043A06-92FD-446B-A98A-FC3C0CAAE97E}"
EndProject
Project("{FAE04EC0-301F-11D3-BF4B-00C04F79EFBC}") = "KeepTabs.Application", "KeepTabs.Application\KeepTabs.Application.csproj", "{AA6ABCA2-679C-41C9-89A6-D24D8077F858}"
EndProject
Global
	GlobalSection(SolutionConfigurationPlatforms) = preSolution
		Debug|Any CPU = Debug|Any CPU
		Release|Any CPU = Release|Any CPU
	EndGlobalSection
	GlobalSection(SolutionProperties) = preSolution
		HideSolutionNode = FALSE
	EndGlobalSection
	GlobalSection(ProjectConfigurationPlatforms) = postSolution
		{0FEF65F2-2EF6-49EB-9694-A613F82DB374}.Debug|Any CPU.ActiveCfg = Debug|Any CPU
		{0FEF65F2-2EF6-49EB-9694-A613F82DB374}.Debug|Any CPU.Build.0 = Debug|Any CPU
		{0FEF65F2-2EF6-49EB-9694-A613F82DB374}.Release|Any CPU.ActiveCfg = Release|Any CPU
		{0FEF65F2-2EF6-49EB-9694-A613F82DB374}.Release|Any CPU.Build.0 = Release|Any CPU
		{3715C4CF-AC71-41C5-A7ED-13B83884C35D}.Debug|Any CPU.ActiveCfg = Debug|Any CPU
		{3715C4CF-AC71-41C5-A7ED-13B83884C35D}.Debug|Any CPU.Build.0 = Debug|Any CPU
		{3715C4CF-AC71-41C5-A7ED-13B83884C35D}.Release|Any CPU.ActiveCfg = Release|Any CPU
		{3715C4CF-AC71-41C5-A7ED-13B83884C35D}.Release|Any CPU.Build.0 = Release|Any CPU
		{157D8F11-BB39-4B14-A4B5-189CD5656212}.Debug|Any CPU.ActiveCfg = Debug|Any CPU
		{157D8F11-BB39-4B14-A4B5-189CD5656212}.Debug|Any CPU.Build.0 = Debug|Any CPU
		{157D8F11-BB39-4B14-A4B5-189CD5656212}.Release|Any CPU.ActiveCfg = Release|Any CPU
		{157D8F11-BB39-4B14-A4B5-189CD5656212}.Release|Any CPU.Build.0 = Release|Any CPU
		{84995095-D57C-4E5D-ACCE-5856830FB217}.Debug|Any CPU.ActiveCfg = Debug|Any CPU
		{84995095-D57C-4E5D-ACCE-5856830FB217}.Debug|Any CPU.Build.0 = Debug|Any CPU
		{84995095-D57C-4E5D-ACCE-5856830FB217}.Release|Any CPU.ActiveCfg = Release|Any CPU
		{84995095-D57C-4E5D-ACCE-5856830FB217}.Release|Any CPU.Build.0 = Release|Any CPU
		{CE793C54-6F06-4006-8231-53E7C78F46E4}.Debug|Any CPU.ActiveCfg = Debug|Any CPU
		{CE793C54-6F06-4006-8231-53E7C78F46E4}.Debug|Any CPU.Build.0 = Debug|Any CPU
		{CE793C54-6F06-4006-8231-53E7C78F46E4}.Release|Any CPU.ActiveCfg = Release|Any CPU
		{CE793C54-6F06-4006-8231-53E7C78F46E4}.Release|Any CPU.Build.0 = Release|Any CPU
		{CC043A06-92FD-446B-A98A-FC3C0CAAE97E}.Debug|Any CPU.ActiveCfg = Debug|Any CPU
		{CC043A06-92FD-446B-A98A-FC3C0CAAE97E}.Debug|Any CPU.Build.0 = Debug|Any CPU
		{CC043A06-92FD-446B-A98A-FC3C0CAAE97E}.Release|Any CPU.ActiveCfg = Release|Any CPU
		{CC043A06-92FD-446B-A98A-FC3C0CAAE97E}.Release|Any CPU.Build.0 = Release|Any CPU
		{AA6ABCA2-679C-41C9-89A6-D24D8077F858}.Debug|Any CPU.ActiveCfg = Debug|Any CPU
		{AA6ABCA2-679C-41C9-89A6-D24D8077F858}.Debug|Any CPU.Build.0 = Debug|Any CPU
		{AA6ABCA2-679C-41C9-89A6-D24D8077F858}.Release|Any CPU.ActiveCfg = Release|Any CPU
		{AA6ABCA2-679C-41C9-89A6-D24D8077F858}.Release|Any CPU.Build.0 = Release|Any CPU
	EndGlobalSection
	GlobalSection(NestedProjects) = preSolution
		{3715C4CF-AC71-41C5-A7ED-13B83884C35D} = {B1A4FC38-6B25-4CF1-B4B8-A52AB82EC004}
		{157D8F11-BB39-4B14-A4B5-189CD5656212} = {B1A4FC38-6B25-4CF1-B4B8-A52AB82EC004}
	EndGlobalSection
EndGlobal
